
Microsoft Visual Studio Solution File, Format Version 12.00
# Visual Studio Version 16
VisualStudioVersion = 16.0.31702.278
MinimumVisualStudioVersion = 10.0.40219.1
Project("{FAE04EC0-301F-11D3-BF4B-00C04F79EFBC}") = "MortgageCalculator", "MortgageCalculator\MortgageCalculator.csproj", "{8764AB14-1CC8-4E44-9780-6133CCA989F9}"
EndProject
Global
	GlobalSection(SolutionConfigurationPlatforms) = preSolution
		Debug|Any CPU = Debug|Any CPU
		Release|Any CPU = Release|Any CPU
	EndGlobalSection
	GlobalSection(ProjectConfigurationPlatforms) = postSolution
		{8764AB14-1CC8-4E44-9780-6133CCA989F9}.Debug|Any CPU.ActiveCfg = Debug|Any CPU
		{8764AB14-1CC8-4E44-9780-6133CCA989F9}.Debug|Any CPU.Build.0 = Debug|Any CPU
		{8764AB14-1CC8-4E44-9780-6133CCA989F9}.Release|Any CPU.ActiveCfg = Release|Any CPU
		{8764AB14-1CC8-4E44-9780-6133CCA989F9}.Release|Any CPU.Build.0 = Release|Any CPU
	EndGlobalSection
	GlobalSection(SolutionProperties) = preSolution
		HideSolutionNode = FALSE
	EndGlobalSection
	GlobalSection(ExtensibilityGlobals) = postSolution
		SolutionGuid = {A80D8CCF-D8D9-42E2-86F3-27AB3B6D22BC}
	EndGlobalSection
EndGlobal
